
Microsoft Visual Studio Solution File, Format Version 12.00
# Visual Studio Version 16
VisualStudioVersion = 16.0.30804.86
MinimumVisualStudioVersion = 10.0.40219.1
Project("{FAE04EC0-301F-11D3-BF4B-00C04F79EFBC}") = "QuizEE", "QuizEE.csproj", "{69C09613-BCF9-4C84-A363-4780A848CC4C}"
EndProject
Global
	GlobalSection(SolutionConfigurationPlatforms) = preSolution
		Debug|Any CPU = Debug|Any CPU
		Release|Any CPU = Release|Any CPU
	EndGlobalSection
	GlobalSection(ProjectConfigurationPlatforms) = postSolution
		{69C09613-BCF9-4C84-A363-4780A848CC4C}.Debug|Any CPU.ActiveCfg = Debug|Any CPU
		{69C09613-BCF9-4C84-A363-4780A848CC4C}.Debug|Any CPU.Build.0 = Debug|Any CPU
		{69C09613-BCF9-4C84-A363-4780A848CC4C}.Release|Any CPU.ActiveCfg = Release|Any CPU
		{69C09613-BCF9-4C84-A363-4780A848CC4C}.Release|Any CPU.Build.0 = Release|Any CPU
	EndGlobalSection
	GlobalSection(SolutionProperties) = preSolution
		HideSolutionNode = FALSE
	EndGlobalSection
	GlobalSection(ExtensibilityGlobals) = postSolution
		SolutionGuid = {70DFD5B9-9383-455E-ADD1-A9CEFB651CAE}
	EndGlobalSection
EndGlobal
